
Microsoft Visual Studio Solution File, Format Version 12.00
# Visual Studio Version 16
VisualStudioVersion = 16.0.31624.102
MinimumVisualStudioVersion = 10.0.40219.1
Project("{FAE04EC0-301F-11D3-BF4B-00C04F79EFBC}") = "Calculator", "Calculator\Calculator.csproj", "{541795C1-10BA-409A-A42C-CC3A4065CCFD}"
EndProject
Global
	GlobalSection(SolutionConfigurationPlatforms) = preSolution
		Debug|Any CPU = Debug|Any CPU
		Release|Any CPU = Release|Any CPU
	EndGlobalSection
	GlobalSection(ProjectConfigurationPlatforms) = postSolution
		{541795C1-10BA-409A-A42C-CC3A4065CCFD}.Debug|Any CPU.ActiveCfg = Debug|Any CPU
		{541795C1-10BA-409A-A42C-CC3A4065CCFD}.Debug|Any CPU.Build.0 = Debug|Any CPU
		{541795C1-10BA-409A-A42C-CC3A4065CCFD}.Release|Any CPU.ActiveCfg = Release|Any CPU
		{541795C1-10BA-409A-A42C-CC3A4065CCFD}.Release|Any CPU.Build.0 = Release|Any CPU
	EndGlobalSection
	GlobalSection(SolutionProperties) = preSolution
		HideSolutionNode = FALSE
	EndGlobalSection
	GlobalSection(ExtensibilityGlobals) = postSolution
		SolutionGuid = {19C82F40-4FD2-43D8-9F09-EB3525CE5B2E}
	EndGlobalSection
EndGlobal
